
Microsoft Visual Studio Solution File, Format Version 12.00
# Visual Studio Version 17
VisualStudioVersion = 17.13.35931.197 d17.13
MinimumVisualStudioVersion = 10.0.40219.1
Project("{FAE04EC0-301F-11D3-BF4B-00C04F79EFBC}") = "Practica1", "Practica1\Practica1.csproj", "{8AC43DD7-894C-45D6-973E-6AA211DC0E1B}"
EndProject
Global
	GlobalSection(SolutionConfigurationPlatforms) = preSolution
		Debug|Any CPU = Debug|Any CPU
		Release|Any CPU = Release|Any CPU
	EndGlobalSection
	GlobalSection(ProjectConfigurationPlatforms) = postSolution
		{8AC43DD7-894C-45D6-973E-6AA211DC0E1B}.Debug|Any CPU.ActiveCfg = Debug|Any CPU
		{8AC43DD7-894C-45D6-973E-6AA211DC0E1B}.Debug|Any CPU.Build.0 = Debug|Any CPU
		{8AC43DD7-894C-45D6-973E-6AA211DC0E1B}.Release|Any CPU.ActiveCfg = Release|Any CPU
		{8AC43DD7-894C-45D6-973E-6AA211DC0E1B}.Release|Any CPU.Build.0 = Release|Any CPU
	EndGlobalSection
	GlobalSection(SolutionProperties) = preSolution
		HideSolutionNode = FALSE
	EndGlobalSection
	GlobalSection(ExtensibilityGlobals) = postSolution
		SolutionGuid = {A4A2E7E3-99F7-4393-BF4C-54672B30684C}
	EndGlobalSection
EndGlobal
